
Microsoft Visual Studio Solution File, Format Version 12.00
Project("{FAE04EC0-301F-11D3-BF4B-00C04F79EFBC}") = "L5Spex.Engine.Tests", "..\..\tests\L5Spex.Engine.Tests\L5Spex.Engine.Tests.csproj", "{CC6C0D1D-7EC9-425D-8503-2580A5AFC602}"
EndProject
Project("{2150E333-8FDC-42A3-9474-1A3956D46DE8}") = "Tests", "Tests", "{E5B152FB-F149-4076-86EE-7923618DE6B8}"
EndProject
Project("{FAE04EC0-301F-11D3-BF4B-00C04F79EFBC}") = "L5Spex.Engine", "L5Spex.Engine\L5Spex.Engine.csproj", "{6FA70F7B-DD15-4CF9-9A6E-99FB346C2DC5}"
EndProject
Project("{FAE04EC0-301F-11D3-BF4B-00C04F79EFBC}") = "L5Spex.Client.Tests", "..\..\tests\L5Spex.Client.Tests\L5Spex.Client.Tests.csproj", "{9CC1DBDB-1AF3-4A88-BCC4-8BAF7F098C43}"
EndProject
Project("{FAE04EC0-301F-11D3-BF4B-00C04F79EFBC}") = "L5Spex.Client", "L5Spex.Client\L5Spex.Client.csproj", "{C7E31BE2-6FF4-4520-9DF7-351BD1FB95D4}"
EndProject
Global
	GlobalSection(SolutionConfigurationPlatforms) = preSolution
		Debug|Any CPU = Debug|Any CPU
		Release|Any CPU = Release|Any CPU
	EndGlobalSection
	GlobalSection(ProjectConfigurationPlatforms) = postSolution
		{CC6C0D1D-7EC9-425D-8503-2580A5AFC602}.Debug|Any CPU.ActiveCfg = Debug|Any CPU
		{CC6C0D1D-7EC9-425D-8503-2580A5AFC602}.Debug|Any CPU.Build.0 = Debug|Any CPU
		{CC6C0D1D-7EC9-425D-8503-2580A5AFC602}.Release|Any CPU.ActiveCfg = Release|Any CPU
		{CC6C0D1D-7EC9-425D-8503-2580A5AFC602}.Release|Any CPU.Build.0 = Release|Any CPU
		{6FA70F7B-DD15-4CF9-9A6E-99FB346C2DC5}.Debug|Any CPU.ActiveCfg = Debug|Any CPU
		{6FA70F7B-DD15-4CF9-9A6E-99FB346C2DC5}.Debug|Any CPU.Build.0 = Debug|Any CPU
		{6FA70F7B-DD15-4CF9-9A6E-99FB346C2DC5}.Release|Any CPU.ActiveCfg = Release|Any CPU
		{6FA70F7B-DD15-4CF9-9A6E-99FB346C2DC5}.Release|Any CPU.Build.0 = Release|Any CPU
		{9CC1DBDB-1AF3-4A88-BCC4-8BAF7F098C43}.Debug|Any CPU.ActiveCfg = Debug|Any CPU
		{9CC1DBDB-1AF3-4A88-BCC4-8BAF7F098C43}.Debug|Any CPU.Build.0 = Debug|Any CPU
		{9CC1DBDB-1AF3-4A88-BCC4-8BAF7F098C43}.Release|Any CPU.ActiveCfg = Release|Any CPU
		{9CC1DBDB-1AF3-4A88-BCC4-8BAF7F098C43}.Release|Any CPU.Build.0 = Release|Any CPU
		{C7E31BE2-6FF4-4520-9DF7-351BD1FB95D4}.Debug|Any CPU.ActiveCfg = Debug|Any CPU
		{C7E31BE2-6FF4-4520-9DF7-351BD1FB95D4}.Debug|Any CPU.Build.0 = Debug|Any CPU
		{C7E31BE2-6FF4-4520-9DF7-351BD1FB95D4}.Release|Any CPU.ActiveCfg = Release|Any CPU
		{C7E31BE2-6FF4-4520-9DF7-351BD1FB95D4}.Release|Any CPU.Build.0 = Release|Any CPU
	EndGlobalSection
	GlobalSection(NestedProjects) = preSolution
		{CC6C0D1D-7EC9-425D-8503-2580A5AFC602} = {E5B152FB-F149-4076-86EE-7923618DE6B8}
		{9CC1DBDB-1AF3-4A88-BCC4-8BAF7F098C43} = {E5B152FB-F149-4076-86EE-7923618DE6B8}
	EndGlobalSection
EndGlobal
