
Microsoft Visual Studio Solution File, Format Version 12.00
# Visual Studio Version 17
VisualStudioVersion = 17.10.35122.118
MinimumVisualStudioVersion = 10.0.40219.1
Project("{2150E333-8FDC-42A3-9474-1A3956D46DE8}") = "Tests", "Tests", "{E5B152FB-F149-4076-86EE-7923618DE6B8}"
EndProject
Project("{9A19103F-16F7-4668-BE54-9A1E7A4F7556}") = "AutoSpex.Engine", "AutoSpex.Engine\AutoSpex.Engine.csproj", "{6FA70F7B-DD15-4CF9-9A6E-99FB346C2DC5}"
EndProject
Project("{9A19103F-16F7-4668-BE54-9A1E7A4F7556}") = "AutoSpex.Client", "AutoSpex.Client\AutoSpex.Client.csproj", "{C7E31BE2-6FF4-4520-9DF7-351BD1FB95D4}"
EndProject
Project("{9A19103F-16F7-4668-BE54-9A1E7A4F7556}") = "AutoSpex.Client.Tests", "..\tests\AutoSpex.Client.Tests\AutoSpex.Client.Tests.csproj", "{FFCD4B15-C761-41AE-A4D1-3E3CB43A21AD}"
EndProject
Project("{9A19103F-16F7-4668-BE54-9A1E7A4F7556}") = "AutoSpex.Engine.Tests", "..\tests\AutoSpex.Engine.Tests\AutoSpex.Engine.Tests.csproj", "{49DEBC94-F539-4F0C-82C8-4EA84BF1E50D}"
EndProject
Project("{9A19103F-16F7-4668-BE54-9A1E7A4F7556}") = "AutoSpex.Persistence", "AutoSpex.Persistence\AutoSpex.Persistence.csproj", "{4276FEEF-F5F7-4F5E-96B8-78E21FCDC232}"
EndProject
Project("{9A19103F-16F7-4668-BE54-9A1E7A4F7556}") = "AutoSpex.Persistence.Tests", "..\tests\AutoSpex.Persistence.Tests\AutoSpex.Persistence.Tests.csproj", "{7857D401-5D5C-40A1-8B33-B936F2A3DC7D}"
EndProject
Global
	GlobalSection(SolutionConfigurationPlatforms) = preSolution
		Debug|Any CPU = Debug|Any CPU
		Debug|ARM = Debug|ARM
		Debug|ARM64 = Debug|ARM64
		Debug|x64 = Debug|x64
		Debug|x86 = Debug|x86
		Release|Any CPU = Release|Any CPU
		Release|ARM = Release|ARM
		Release|ARM64 = Release|ARM64
		Release|x64 = Release|x64
		Release|x86 = Release|x86
	EndGlobalSection
	GlobalSection(ProjectConfigurationPlatforms) = postSolution
		{6FA70F7B-DD15-4CF9-9A6E-99FB346C2DC5}.Debug|Any CPU.ActiveCfg = Debug|Any CPU
		{6FA70F7B-DD15-4CF9-9A6E-99FB346C2DC5}.Debug|Any CPU.Build.0 = Debug|Any CPU
		{6FA70F7B-DD15-4CF9-9A6E-99FB346C2DC5}.Debug|ARM.ActiveCfg = Debug|Any CPU
		{6FA70F7B-DD15-4CF9-9A6E-99FB346C2DC5}.Debug|ARM.Build.0 = Debug|Any CPU
		{6FA70F7B-DD15-4CF9-9A6E-99FB346C2DC5}.Debug|ARM64.ActiveCfg = Debug|Any CPU
		{6FA70F7B-DD15-4CF9-9A6E-99FB346C2DC5}.Debug|ARM64.Build.0 = Debug|Any CPU
		{6FA70F7B-DD15-4CF9-9A6E-99FB346C2DC5}.Debug|x64.ActiveCfg = Debug|Any CPU
		{6FA70F7B-DD15-4CF9-9A6E-99FB346C2DC5}.Debug|x64.Build.0 = Debug|Any CPU
		{6FA70F7B-DD15-4CF9-9A6E-99FB346C2DC5}.Debug|x86.ActiveCfg = Debug|Any CPU
		{6FA70F7B-DD15-4CF9-9A6E-99FB346C2DC5}.Debug|x86.Build.0 = Debug|Any CPU
		{6FA70F7B-DD15-4CF9-9A6E-99FB346C2DC5}.Release|Any CPU.ActiveCfg = Release|Any CPU
		{6FA70F7B-DD15-4CF9-9A6E-99FB346C2DC5}.Release|Any CPU.Build.0 = Release|Any CPU
		{6FA70F7B-DD15-4CF9-9A6E-99FB346C2DC5}.Release|ARM.ActiveCfg = Release|Any CPU
		{6FA70F7B-DD15-4CF9-9A6E-99FB346C2DC5}.Release|ARM.Build.0 = Release|Any CPU
		{6FA70F7B-DD15-4CF9-9A6E-99FB346C2DC5}.Release|ARM64.ActiveCfg = Release|Any CPU
		{6FA70F7B-DD15-4CF9-9A6E-99FB346C2DC5}.Release|ARM64.Build.0 = Release|Any CPU
		{6FA70F7B-DD15-4CF9-9A6E-99FB346C2DC5}.Release|x64.ActiveCfg = Release|Any CPU
		{6FA70F7B-DD15-4CF9-9A6E-99FB346C2DC5}.Release|x64.Build.0 = Release|Any CPU
		{6FA70F7B-DD15-4CF9-9A6E-99FB346C2DC5}.Release|x86.ActiveCfg = Release|Any CPU
		{6FA70F7B-DD15-4CF9-9A6E-99FB346C2DC5}.Release|x86.Build.0 = Release|Any CPU
		{C7E31BE2-6FF4-4520-9DF7-351BD1FB95D4}.Debug|Any CPU.ActiveCfg = Debug|Any CPU
		{C7E31BE2-6FF4-4520-9DF7-351BD1FB95D4}.Debug|Any CPU.Build.0 = Debug|Any CPU
		{C7E31BE2-6FF4-4520-9DF7-351BD1FB95D4}.Debug|ARM.ActiveCfg = Debug|Any CPU
		{C7E31BE2-6FF4-4520-9DF7-351BD1FB95D4}.Debug|ARM.Build.0 = Debug|Any CPU
		{C7E31BE2-6FF4-4520-9DF7-351BD1FB95D4}.Debug|ARM64.ActiveCfg = Debug|Any CPU
		{C7E31BE2-6FF4-4520-9DF7-351BD1FB95D4}.Debug|ARM64.Build.0 = Debug|Any CPU
		{C7E31BE2-6FF4-4520-9DF7-351BD1FB95D4}.Debug|x64.ActiveCfg = Debug|Any CPU
		{C7E31BE2-6FF4-4520-9DF7-351BD1FB95D4}.Debug|x64.Build.0 = Debug|Any CPU
		{C7E31BE2-6FF4-4520-9DF7-351BD1FB95D4}.Debug|x86.ActiveCfg = Debug|Any CPU
		{C7E31BE2-6FF4-4520-9DF7-351BD1FB95D4}.Debug|x86.Build.0 = Debug|Any CPU
		{C7E31BE2-6FF4-4520-9DF7-351BD1FB95D4}.Release|Any CPU.ActiveCfg = Release|Any CPU
		{C7E31BE2-6FF4-4520-9DF7-351BD1FB95D4}.Release|Any CPU.Build.0 = Release|Any CPU
		{C7E31BE2-6FF4-4520-9DF7-351BD1FB95D4}.Release|ARM.ActiveCfg = Release|Any CPU
		{C7E31BE2-6FF4-4520-9DF7-351BD1FB95D4}.Release|ARM.Build.0 = Release|Any CPU
		{C7E31BE2-6FF4-4520-9DF7-351BD1FB95D4}.Release|ARM64.ActiveCfg = Release|Any CPU
		{C7E31BE2-6FF4-4520-9DF7-351BD1FB95D4}.Release|ARM64.Build.0 = Release|Any CPU
		{C7E31BE2-6FF4-4520-9DF7-351BD1FB95D4}.Release|x64.ActiveCfg = Release|x64
		{C7E31BE2-6FF4-4520-9DF7-351BD1FB95D4}.Release|x64.Build.0 = Release|x64
		{C7E31BE2-6FF4-4520-9DF7-351BD1FB95D4}.Release|x86.ActiveCfg = Release|x86
		{C7E31BE2-6FF4-4520-9DF7-351BD1FB95D4}.Release|x86.Build.0 = Release|x86
		{FFCD4B15-C761-41AE-A4D1-3E3CB43A21AD}.Debug|Any CPU.ActiveCfg = Debug|Any CPU
		{FFCD4B15-C761-41AE-A4D1-3E3CB43A21AD}.Debug|Any CPU.Build.0 = Debug|Any CPU
		{FFCD4B15-C761-41AE-A4D1-3E3CB43A21AD}.Debug|ARM.ActiveCfg = Debug|Any CPU
		{FFCD4B15-C761-41AE-A4D1-3E3CB43A21AD}.Debug|ARM.Build.0 = Debug|Any CPU
		{FFCD4B15-C761-41AE-A4D1-3E3CB43A21AD}.Debug|ARM64.ActiveCfg = Debug|Any CPU
		{FFCD4B15-C761-41AE-A4D1-3E3CB43A21AD}.Debug|ARM64.Build.0 = Debug|Any CPU
		{FFCD4B15-C761-41AE-A4D1-3E3CB43A21AD}.Debug|x64.ActiveCfg = Debug|Any CPU
		{FFCD4B15-C761-41AE-A4D1-3E3CB43A21AD}.Debug|x64.Build.0 = Debug|Any CPU
		{FFCD4B15-C761-41AE-A4D1-3E3CB43A21AD}.Debug|x86.ActiveCfg = Debug|Any CPU
		{FFCD4B15-C761-41AE-A4D1-3E3CB43A21AD}.Debug|x86.Build.0 = Debug|Any CPU
		{FFCD4B15-C761-41AE-A4D1-3E3CB43A21AD}.Release|Any CPU.ActiveCfg = Release|Any CPU
		{FFCD4B15-C761-41AE-A4D1-3E3CB43A21AD}.Release|Any CPU.Build.0 = Release|Any CPU
		{FFCD4B15-C761-41AE-A4D1-3E3CB43A21AD}.Release|ARM.ActiveCfg = Release|Any CPU
		{FFCD4B15-C761-41AE-A4D1-3E3CB43A21AD}.Release|ARM.Build.0 = Release|Any CPU
		{FFCD4B15-C761-41AE-A4D1-3E3CB43A21AD}.Release|ARM64.ActiveCfg = Release|Any CPU
		{FFCD4B15-C761-41AE-A4D1-3E3CB43A21AD}.Release|ARM64.Build.0 = Release|Any CPU
		{FFCD4B15-C761-41AE-A4D1-3E3CB43A21AD}.Release|x64.ActiveCfg = Release|Any CPU
		{FFCD4B15-C761-41AE-A4D1-3E3CB43A21AD}.Release|x64.Build.0 = Release|Any CPU
		{FFCD4B15-C761-41AE-A4D1-3E3CB43A21AD}.Release|x86.ActiveCfg = Release|Any CPU
		{FFCD4B15-C761-41AE-A4D1-3E3CB43A21AD}.Release|x86.Build.0 = Release|Any CPU
		{49DEBC94-F539-4F0C-82C8-4EA84BF1E50D}.Debug|Any CPU.ActiveCfg = Debug|Any CPU
		{49DEBC94-F539-4F0C-82C8-4EA84BF1E50D}.Debug|Any CPU.Build.0 = Debug|Any CPU
		{49DEBC94-F539-4F0C-82C8-4EA84BF1E50D}.Debug|ARM.ActiveCfg = Debug|Any CPU
		{49DEBC94-F539-4F0C-82C8-4EA84BF1E50D}.Debug|ARM.Build.0 = Debug|Any CPU
		{49DEBC94-F539-4F0C-82C8-4EA84BF1E50D}.Debug|ARM64.ActiveCfg = Debug|Any CPU
		{49DEBC94-F539-4F0C-82C8-4EA84BF1E50D}.Debug|ARM64.Build.0 = Debug|Any CPU
		{49DEBC94-F539-4F0C-82C8-4EA84BF1E50D}.Debug|x64.ActiveCfg = Debug|Any CPU
		{49DEBC94-F539-4F0C-82C8-4EA84BF1E50D}.Debug|x64.Build.0 = Debug|Any CPU
		{49DEBC94-F539-4F0C-82C8-4EA84BF1E50D}.Debug|x86.ActiveCfg = Debug|Any CPU
		{49DEBC94-F539-4F0C-82C8-4EA84BF1E50D}.Debug|x86.Build.0 = Debug|Any CPU
		{49DEBC94-F539-4F0C-82C8-4EA84BF1E50D}.Release|Any CPU.ActiveCfg = Release|Any CPU
		{49DEBC94-F539-4F0C-82C8-4EA84BF1E50D}.Release|Any CPU.Build.0 = Release|Any CPU
		{49DEBC94-F539-4F0C-82C8-4EA84BF1E50D}.Release|ARM.ActiveCfg = Release|Any CPU
		{49DEBC94-F539-4F0C-82C8-4EA84BF1E50D}.Release|ARM.Build.0 = Release|Any CPU
		{49DEBC94-F539-4F0C-82C8-4EA84BF1E50D}.Release|ARM64.ActiveCfg = Release|Any CPU
		{49DEBC94-F539-4F0C-82C8-4EA84BF1E50D}.Release|ARM64.Build.0 = Release|Any CPU
		{49DEBC94-F539-4F0C-82C8-4EA84BF1E50D}.Release|x64.ActiveCfg = Release|Any CPU
		{49DEBC94-F539-4F0C-82C8-4EA84BF1E50D}.Release|x64.Build.0 = Release|Any CPU
		{49DEBC94-F539-4F0C-82C8-4EA84BF1E50D}.Release|x86.ActiveCfg = Release|Any CPU
		{49DEBC94-F539-4F0C-82C8-4EA84BF1E50D}.Release|x86.Build.0 = Release|Any CPU
		{4276FEEF-F5F7-4F5E-96B8-78E21FCDC232}.Debug|Any CPU.ActiveCfg = Debug|Any CPU
		{4276FEEF-F5F7-4F5E-96B8-78E21FCDC232}.Debug|Any CPU.Build.0 = Debug|Any CPU
		{4276FEEF-F5F7-4F5E-96B8-78E21FCDC232}.Debug|ARM.ActiveCfg = Debug|Any CPU
		{4276FEEF-F5F7-4F5E-96B8-78E21FCDC232}.Debug|ARM.Build.0 = Debug|Any CPU
		{4276FEEF-F5F7-4F5E-96B8-78E21FCDC232}.Debug|ARM64.ActiveCfg = Debug|Any CPU
		{4276FEEF-F5F7-4F5E-96B8-78E21FCDC232}.Debug|ARM64.Build.0 = Debug|Any CPU
		{4276FEEF-F5F7-4F5E-96B8-78E21FCDC232}.Debug|x64.ActiveCfg = Debug|Any CPU
		{4276FEEF-F5F7-4F5E-96B8-78E21FCDC232}.Debug|x64.Build.0 = Debug|Any CPU
		{4276FEEF-F5F7-4F5E-96B8-78E21FCDC232}.Debug|x86.ActiveCfg = Debug|Any CPU
		{4276FEEF-F5F7-4F5E-96B8-78E21FCDC232}.Debug|x86.Build.0 = Debug|Any CPU
		{4276FEEF-F5F7-4F5E-96B8-78E21FCDC232}.Release|Any CPU.ActiveCfg = Release|Any CPU
		{4276FEEF-F5F7-4F5E-96B8-78E21FCDC232}.Release|Any CPU.Build.0 = Release|Any CPU
		{4276FEEF-F5F7-4F5E-96B8-78E21FCDC232}.Release|ARM.ActiveCfg = Release|Any CPU
		{4276FEEF-F5F7-4F5E-96B8-78E21FCDC232}.Release|ARM.Build.0 = Release|Any CPU
		{4276FEEF-F5F7-4F5E-96B8-78E21FCDC232}.Release|ARM64.ActiveCfg = Release|Any CPU
		{4276FEEF-F5F7-4F5E-96B8-78E21FCDC232}.Release|ARM64.Build.0 = Release|Any CPU
		{4276FEEF-F5F7-4F5E-96B8-78E21FCDC232}.Release|x64.ActiveCfg = Release|Any CPU
		{4276FEEF-F5F7-4F5E-96B8-78E21FCDC232}.Release|x64.Build.0 = Release|Any CPU
		{4276FEEF-F5F7-4F5E-96B8-78E21FCDC232}.Release|x86.ActiveCfg = Release|Any CPU
		{4276FEEF-F5F7-4F5E-96B8-78E21FCDC232}.Release|x86.Build.0 = Release|Any CPU
		{7857D401-5D5C-40A1-8B33-B936F2A3DC7D}.Debug|Any CPU.ActiveCfg = Debug|Any CPU
		{7857D401-5D5C-40A1-8B33-B936F2A3DC7D}.Debug|Any CPU.Build.0 = Debug|Any CPU
		{7857D401-5D5C-40A1-8B33-B936F2A3DC7D}.Debug|ARM.ActiveCfg = Debug|Any CPU
		{7857D401-5D5C-40A1-8B33-B936F2A3DC7D}.Debug|ARM.Build.0 = Debug|Any CPU
		{7857D401-5D5C-40A1-8B33-B936F2A3DC7D}.Debug|ARM64.ActiveCfg = Debug|Any CPU
		{7857D401-5D5C-40A1-8B33-B936F2A3DC7D}.Debug|ARM64.Build.0 = Debug|Any CPU
		{7857D401-5D5C-40A1-8B33-B936F2A3DC7D}.Debug|x64.ActiveCfg = Debug|Any CPU
		{7857D401-5D5C-40A1-8B33-B936F2A3DC7D}.Debug|x64.Build.0 = Debug|Any CPU
		{7857D401-5D5C-40A1-8B33-B936F2A3DC7D}.Debug|x86.ActiveCfg = Debug|Any CPU
		{7857D401-5D5C-40A1-8B33-B936F2A3DC7D}.Debug|x86.Build.0 = Debug|Any CPU
		{7857D401-5D5C-40A1-8B33-B936F2A3DC7D}.Release|Any CPU.ActiveCfg = Release|Any CPU
		{7857D401-5D5C-40A1-8B33-B936F2A3DC7D}.Release|Any CPU.Build.0 = Release|Any CPU
		{7857D401-5D5C-40A1-8B33-B936F2A3DC7D}.Release|ARM.ActiveCfg = Release|Any CPU
		{7857D401-5D5C-40A1-8B33-B936F2A3DC7D}.Release|ARM.Build.0 = Release|Any CPU
		{7857D401-5D5C-40A1-8B33-B936F2A3DC7D}.Release|ARM64.ActiveCfg = Release|Any CPU
		{7857D401-5D5C-40A1-8B33-B936F2A3DC7D}.Release|ARM64.Build.0 = Release|Any CPU
		{7857D401-5D5C-40A1-8B33-B936F2A3DC7D}.Release|x64.ActiveCfg = Release|Any CPU
		{7857D401-5D5C-40A1-8B33-B936F2A3DC7D}.Release|x64.Build.0 = Release|Any CPU
		{7857D401-5D5C-40A1-8B33-B936F2A3DC7D}.Release|x86.ActiveCfg = Release|Any CPU
		{7857D401-5D5C-40A1-8B33-B936F2A3DC7D}.Release|x86.Build.0 = Release|Any CPU
	EndGlobalSection
	GlobalSection(SolutionProperties) = preSolution
		HideSolutionNode = FALSE
	EndGlobalSection
	GlobalSection(NestedProjects) = preSolution
		{FFCD4B15-C761-41AE-A4D1-3E3CB43A21AD} = {E5B152FB-F149-4076-86EE-7923618DE6B8}
		{49DEBC94-F539-4F0C-82C8-4EA84BF1E50D} = {E5B152FB-F149-4076-86EE-7923618DE6B8}
		{7857D401-5D5C-40A1-8B33-B936F2A3DC7D} = {E5B152FB-F149-4076-86EE-7923618DE6B8}
	EndGlobalSection
	GlobalSection(ExtensibilityGlobals) = postSolution
		SolutionGuid = {5ED28BAD-ACEA-4327-B157-55430172FB65}
	EndGlobalSection
EndGlobal
